# This file is automatically generated.
# It is not intended for manual editing.
version = 1

[[packages]]
name = "wasi:cli"
registry = "wasi.dev"

[[packages.versions]]
requirement = "=0.3.0-rc-2026-02-09"
version = "0.3.0-rc-2026-02-09"
digest = "sha256:d3f07fc00d81731517b50f4a9dca08168e299e856d4931246c8c54e028cec2ff"

[[packages]]
name = "wasi:clocks"
registry = "wasi.dev"

[[packages.versions]]
requirement = "=0.3.0-rc-2026-02-09"
version = "0.3.0-rc-2026-02-09"
digest = "sha256:419ee877c995ea7c3beb8c5068ca7bc38fe93584a8b4a4d4ac387b8196f0a88c"

[[packages]]
name = "wasi:filesystem"
registry = "wasi.dev"

[[packages.versions]]
requirement = "=0.3.0-rc-2026-02-09"
version = "0.3.0-rc-2026-02-09"
digest = "sha256:f8f503cf9547915272660d452ddc23cf965cdbf64aad0b68975d07b1da2637ac"

[[packages]]
name = "wasi:http"
registry = "wasi.dev"

[[packages.versions]]
requirement = "=0.3.0-rc-2026-02-09"
version = "0.3.0-rc-2026-02-09"
digest = "sha256:e47b9f1ac046656177dc0a57f5db00e3f9a4a4060450f76f56d93cd2844e94e6"

[[packages]]
name = "wasi:random"
registry = "wasi.dev"

[[packages.versions]]
requirement = "=0.3.0-rc-2026-02-09"
version = "0.3.0-rc-2026-02-09"
digest = "sha256:2262570bf958a5c3c29fac590720a27527eaa509d1ca6ec5b5e48d937325b538"

[[packages]]
name = "wasi:sockets"
registry = "wasi.dev"

[[packages.versions]]
requirement = "=0.3.0-rc-2026-02-09"
version = "0.3.0-rc-2026-02-09"
digest = "sha256:d5ab258fb7307ec53859c79ca379801c317cbfcc6b235dfcc59282f90dd0c9a0"
