# This file is automatically generated.
# It is not intended for manual editing.
version = 1

[[packages]]
name = "wasi:cli"
registry = "wasi.dev"

[[packages.versions]]
requirement = "=0.3.0-rc-2026-01-06"
version = "0.3.0-rc-2026-01-06"
digest = "sha256:295f741000493314dbb09ac659943fb70fa37510a71e97281859255656dd74b8"

[[packages]]
name = "wasi:clocks"
registry = "wasi.dev"

[[packages.versions]]
requirement = "=0.3.0-rc-2026-01-06"
version = "0.3.0-rc-2026-01-06"
digest = "sha256:0e741d66b40dde06113adb4b0b0130d9572c219ef6dae2e89f2ad399ea7ef7e2"

[[packages]]
name = "wasi:filesystem"
registry = "wasi.dev"

[[packages.versions]]
requirement = "=0.3.0-rc-2026-01-06"
version = "0.3.0-rc-2026-01-06"
digest = "sha256:a346b1be8030480cd85b203dc77e323d666bcf93e0b68bf0092e206d43d6abd6"

[[packages]]
name = "wasi:http"
registry = "wasi.dev"

[[packages.versions]]
requirement = "=0.3.0-rc-2026-01-06"
version = "0.3.0-rc-2026-01-06"
digest = "sha256:7ad86c4dea99c4cd63790483f26903ac7538f7d8be4d3f4e6fb4ef10123dbdeb"

[[packages]]
name = "wasi:random"
registry = "wasi.dev"

[[packages.versions]]
requirement = "=0.3.0-rc-2026-01-06"
version = "0.3.0-rc-2026-01-06"
digest = "sha256:07196dc99781089c9732b29a202e3346e0bb2141fd76d89491af2087741bc7d2"

[[packages]]
name = "wasi:sockets"
registry = "wasi.dev"

[[packages.versions]]
requirement = "=0.3.0-rc-2026-01-06"
version = "0.3.0-rc-2026-01-06"
digest = "sha256:59f03ca9048fa614fc99bfafc3bd61ebc821f78aa29a3da5f5b3df78dfab709f"
